
Microsoft Visual Studio Solution File, Format Version 12.00
# Visual Studio Version 17
VisualStudioVersion = 17.12.35527.113
MinimumVisualStudioVersion = 10.0.40219.1
Project("{FAE04EC0-301F-11D3-BF4B-00C04F79EFBC}") = "ShopApp", "ShopApp\ShopApp.csproj", "{28D2A910-B05E-4547-9CE2-98C097804205}"
EndProject
Project("{FAE04EC0-301F-11D3-BF4B-00C04F79EFBC}") = "RaCruds", "RaCruds\RaCruds.csproj", "{CE6C67E8-A773-4C0F-B814-C27E262EF3D6}"
EndProject
Project("{2150E333-8FDC-42A3-9474-1A3956D46DE8}") = "Solution Items", "Solution Items", "{9E0844DD-100B-4C9E-8780-E4A1388B47BC}"
	ProjectSection(SolutionItems) = preProject
		.editorconfig = .editorconfig
	EndProjectSection
EndProject
Global
	GlobalSection(SolutionConfigurationPlatforms) = preSolution
		Debug|Any CPU = Debug|Any CPU
		Release|Any CPU = Release|Any CPU
	EndGlobalSection
	GlobalSection(ProjectConfigurationPlatforms) = postSolution
		{28D2A910-B05E-4547-9CE2-98C097804205}.Debug|Any CPU.ActiveCfg = Debug|Any CPU
		{28D2A910-B05E-4547-9CE2-98C097804205}.Debug|Any CPU.Build.0 = Debug|Any CPU
		{28D2A910-B05E-4547-9CE2-98C097804205}.Release|Any CPU.ActiveCfg = Release|Any CPU
		{28D2A910-B05E-4547-9CE2-98C097804205}.Release|Any CPU.Build.0 = Release|Any CPU
		{CE6C67E8-A773-4C0F-B814-C27E262EF3D6}.Debug|Any CPU.ActiveCfg = Debug|Any CPU
		{CE6C67E8-A773-4C0F-B814-C27E262EF3D6}.Debug|Any CPU.Build.0 = Debug|Any CPU
		{CE6C67E8-A773-4C0F-B814-C27E262EF3D6}.Release|Any CPU.ActiveCfg = Release|Any CPU
		{CE6C67E8-A773-4C0F-B814-C27E262EF3D6}.Release|Any CPU.Build.0 = Release|Any CPU
	EndGlobalSection
	GlobalSection(SolutionProperties) = preSolution
		HideSolutionNode = FALSE
	EndGlobalSection
EndGlobal
